
Microsoft Visual Studio Solution File, Format Version 12.00
# Visual Studio Version 17
VisualStudioVersion = 17.5.002.0
MinimumVisualStudioVersion = 10.0.40219.1
Project("{9A19103F-16F7-4668-BE54-9A1E7A4F7556}") = "AreaHierarchy", "AreaHierarchy.csproj", "{295302AF-59BB-4305-A963-8408CFF98D4A}"
EndProject
Global
	GlobalSection(SolutionConfigurationPlatforms) = preSolution
		Debug|Any CPU = Debug|Any CPU
		Release|Any CPU = Release|Any CPU
	EndGlobalSection
	GlobalSection(ProjectConfigurationPlatforms) = postSolution
		{295302AF-59BB-4305-A963-8408CFF98D4A}.Debug|Any CPU.ActiveCfg = Debug|Any CPU
		{295302AF-59BB-4305-A963-8408CFF98D4A}.Debug|Any CPU.Build.0 = Debug|Any CPU
		{295302AF-59BB-4305-A963-8408CFF98D4A}.Release|Any CPU.ActiveCfg = Release|Any CPU
		{295302AF-59BB-4305-A963-8408CFF98D4A}.Release|Any CPU.Build.0 = Release|Any CPU
	EndGlobalSection
	GlobalSection(SolutionProperties) = preSolution
		HideSolutionNode = FALSE
	EndGlobalSection
	GlobalSection(ExtensibilityGlobals) = postSolution
		SolutionGuid = {B58E6BB2-D79F-43AE-961F-6EE295C10E25}
	EndGlobalSection
EndGlobal
